# Linux x86-64 / CPython 3.12; generated from downloaded published wheels.
# Install with --require-hashes; never substitute unreviewed builds.
numpy==2.2.6 --hash=sha256:fd83c01228a688733f1ded5201c678f0c53ecc1006ffbc404db9f7a899ac6249
opencv-python-headless==4.11.0.86 --hash=sha256:0e0a27c19dd1f40ddff94976cfe43066fbbe9dfbb2ec1907d66c19caef42a57b
pillow==11.3.0 --hash=sha256:676b2815362456b5b3216b4fd5bd89d362100dc6f4945154ff172e206a22c024
pycolmap==3.13.0 --hash=sha256:fd1b676c2f8ecf7f18e5a9240347ad4946ccd0c83bc92f5fdc39a498ae6c998b
rfc8785==0.1.4 --hash=sha256:520d690b448ecf0703691c76e1a34a24ddcd4fc5bc41d589cb7c58ec651bcd48
scipy==1.15.3 --hash=sha256:271e3713e645149ea5ea3e97b57fdab61ce61333f97cfae392c28ba786f9bb49
