# Linux x86_64, CPython 3.12; reference runtime wheels. Requalify any platform/runtime change.
numpy==2.2.6 --hash=sha256:fd83c01228a688733f1ded5201c678f0c53ecc1006ffbc404db9f7a899ac6249
opencv-python-headless==4.11.0.86 --hash=sha256:0e0a27c19dd1f40ddff94976cfe43066fbbe9dfbb2ec1907d66c19caef42a57b
